
Microsoft Visual Studio Solution File, Format Version 12.00
# Visual Studio Version 16
VisualStudioVersion = 16.0.32413.511
MinimumVisualStudioVersion = 10.0.40219.1
Project("{9A19103F-16F7-4668-BE54-9A1E7A4F7556}") = "AlcoAxe", "AlcoAxe.csproj", "{14F6E7CF-4908-47EF-A975-1CCEB4284CDC}"
EndProject
Global
	GlobalSection(SolutionConfigurationPlatforms) = preSolution
		Debug|Any CPU = Debug|Any CPU
		Release|Any CPU = Release|Any CPU
	EndGlobalSection
	GlobalSection(ProjectConfigurationPlatforms) = postSolution
		{14F6E7CF-4908-47EF-A975-1CCEB4284CDC}.Debug|Any CPU.ActiveCfg = Debug|Any CPU
		{14F6E7CF-4908-47EF-A975-1CCEB4284CDC}.Debug|Any CPU.Build.0 = Debug|Any CPU
		{14F6E7CF-4908-47EF-A975-1CCEB4284CDC}.Release|Any CPU.ActiveCfg = Release|Any CPU
		{14F6E7CF-4908-47EF-A975-1CCEB4284CDC}.Release|Any CPU.Build.0 = Release|Any CPU
	EndGlobalSection
	GlobalSection(SolutionProperties) = preSolution
		HideSolutionNode = FALSE
	EndGlobalSection
	GlobalSection(ExtensibilityGlobals) = postSolution
		SolutionGuid = {1047EDC6-7AC8-4608-91D8-115EA8A12B89}
	EndGlobalSection
EndGlobal
